
Microsoft Visual Studio Solution File, Format Version 10.00
# Visual Basic Express 2008
Project("{F184B08F-C81C-45F6-A57F-5ABD9991F28F}") = "ImageFormatConverter Version-1.0", "ImageFormatConverter Version-1.0.vbproj", "{B8868B81-5DC6-4B86-97D4-B4041DF3540D}"
EndProject
Global
	GlobalSection(SolutionConfigurationPlatforms) = preSolution
		Debug|Any CPU = Debug|Any CPU
		Release|Any CPU = Release|Any CPU
	EndGlobalSection
	GlobalSection(ProjectConfigurationPlatforms) = postSolution
		{B8868B81-5DC6-4B86-97D4-B4041DF3540D}.Debug|Any CPU.ActiveCfg = Debug|Any CPU
		{B8868B81-5DC6-4B86-97D4-B4041DF3540D}.Debug|Any CPU.Build.0 = Debug|Any CPU
		{B8868B81-5DC6-4B86-97D4-B4041DF3540D}.Release|Any CPU.ActiveCfg = Release|Any CPU
		{B8868B81-5DC6-4B86-97D4-B4041DF3540D}.Release|Any CPU.Build.0 = Release|Any CPU
	EndGlobalSection
	GlobalSection(SolutionProperties) = preSolution
		HideSolutionNode = FALSE
	EndGlobalSection
EndGlobal
